
Microsoft Visual Studio Solution File, Format Version 12.00
# Visual Studio Version 17
VisualStudioVersion = 17.10.34928.147
MinimumVisualStudioVersion = 10.0.40219.1
Project("{FAE04EC0-301F-11D3-BF4B-00C04F79EFBC}") = "MovieRentalManagementSystem", "MovieRentalManagementSystem\MovieRentalManagementSystem.csproj", "{F39CE81A-7AF8-4BE2-8C29-3A1A119FBECA}"
EndProject
Global
	GlobalSection(SolutionConfigurationPlatforms) = preSolution
		Debug|Any CPU = Debug|Any CPU
		Release|Any CPU = Release|Any CPU
	EndGlobalSection
	GlobalSection(ProjectConfigurationPlatforms) = postSolution
		{F39CE81A-7AF8-4BE2-8C29-3A1A119FBECA}.Debug|Any CPU.ActiveCfg = Debug|Any CPU
		{F39CE81A-7AF8-4BE2-8C29-3A1A119FBECA}.Debug|Any CPU.Build.0 = Debug|Any CPU
		{F39CE81A-7AF8-4BE2-8C29-3A1A119FBECA}.Release|Any CPU.ActiveCfg = Release|Any CPU
		{F39CE81A-7AF8-4BE2-8C29-3A1A119FBECA}.Release|Any CPU.Build.0 = Release|Any CPU
	EndGlobalSection
	GlobalSection(SolutionProperties) = preSolution
		HideSolutionNode = FALSE
	EndGlobalSection
	GlobalSection(ExtensibilityGlobals) = postSolution
		SolutionGuid = {97E155F9-1244-4BC0-8462-832593E37E87}
	EndGlobalSection
EndGlobal
